
Microsoft Visual Studio Solution File, Format Version 12.00
# Visual Studio Version 17
VisualStudioVersion = 17.10.35122.118
MinimumVisualStudioVersion = 10.0.40219.1
Project("{FAE04EC0-301F-11D3-BF4B-00C04F79EFBC}") = "ClassLibrary", "ClassLibrary\ClassLibrary.csproj", "{D776A6A1-61F7-40BF-92CE-950CDE2BCBCF}"
EndProject
Project("{FAE04EC0-301F-11D3-BF4B-00C04F79EFBC}") = "Test", "Test\Test.csproj", "{B716725A-B9CF-4C1D-8E02-462F6ED75266}"
EndProject
Project("{FAE04EC0-301F-11D3-BF4B-00C04F79EFBC}") = "UnitTesting", "UnitTesting\UnitTesting.csproj", "{2BC1C3D1-7D33-4840-980C-9CCE085E010A}"
EndProject
Global
	GlobalSection(SolutionConfigurationPlatforms) = preSolution
		Debug|Any CPU = Debug|Any CPU
		Release|Any CPU = Release|Any CPU
	EndGlobalSection
	GlobalSection(ProjectConfigurationPlatforms) = postSolution
		{D776A6A1-61F7-40BF-92CE-950CDE2BCBCF}.Debug|Any CPU.ActiveCfg = Debug|Any CPU
		{D776A6A1-61F7-40BF-92CE-950CDE2BCBCF}.Debug|Any CPU.Build.0 = Debug|Any CPU
		{D776A6A1-61F7-40BF-92CE-950CDE2BCBCF}.Release|Any CPU.ActiveCfg = Release|Any CPU
		{D776A6A1-61F7-40BF-92CE-950CDE2BCBCF}.Release|Any CPU.Build.0 = Release|Any CPU
		{B716725A-B9CF-4C1D-8E02-462F6ED75266}.Debug|Any CPU.ActiveCfg = Debug|Any CPU
		{B716725A-B9CF-4C1D-8E02-462F6ED75266}.Debug|Any CPU.Build.0 = Debug|Any CPU
		{B716725A-B9CF-4C1D-8E02-462F6ED75266}.Release|Any CPU.ActiveCfg = Release|Any CPU
		{B716725A-B9CF-4C1D-8E02-462F6ED75266}.Release|Any CPU.Build.0 = Release|Any CPU
		{2BC1C3D1-7D33-4840-980C-9CCE085E010A}.Debug|Any CPU.ActiveCfg = Debug|Any CPU
		{2BC1C3D1-7D33-4840-980C-9CCE085E010A}.Debug|Any CPU.Build.0 = Debug|Any CPU
		{2BC1C3D1-7D33-4840-980C-9CCE085E010A}.Release|Any CPU.ActiveCfg = Release|Any CPU
		{2BC1C3D1-7D33-4840-980C-9CCE085E010A}.Release|Any CPU.Build.0 = Release|Any CPU
	EndGlobalSection
	GlobalSection(SolutionProperties) = preSolution
		HideSolutionNode = FALSE
	EndGlobalSection
	GlobalSection(ExtensibilityGlobals) = postSolution
		SolutionGuid = {B5933D6A-E437-48CF-9A1D-D235AC30FD53}
	EndGlobalSection
EndGlobal
